Microsoft Visual Studio Solution File, Format Version 12.00
# Visual Studio Version 17
VisualStudioVersion = 17.5.2.0
MinimumVisualStudioVersion = 10.0.40219.1
Project("{FAE04EC0-301F-11D3-BF4B-00C04F79EFBC}") = "connect4-backend", "connect4-backend.csproj", "{BB6334E6-B7B6-EF9F-06E6-5379D525FCBC}"
EndProject
Global
	GlobalSection(SolutionConfigurationPlatforms) = preSolution
		Debug|Any CPU = Debug|Any CPU
		Release|Any CPU = Release|Any CPU
	EndGlobalSection
	GlobalSection(ProjectConfigurationPlatforms) = postSolution
		{BB6334E6-B7B6-EF9F-06E6-5379D525FCBC}.Debug|Any CPU.ActiveCfg = Debug|Any CPU
		{BB6334E6-B7B6-EF9F-06E6-5379D525FCBC}.Debug|Any CPU.Build.0 = Debug|Any CPU
		{BB6334E6-B7B6-EF9F-06E6-5379D525FCBC}.Release|Any CPU.ActiveCfg = Release|Any CPU
		{BB6334E6-B7B6-EF9F-06E6-5379D525FCBC}.Release|Any CPU.Build.0 = Release|Any CPU
	EndGlobalSection
	GlobalSection(SolutionProperties) = preSolution
		HideSolutionNode = FALSE
	EndGlobalSection
	GlobalSection(ExtensibilityGlobals) = postSolution
		SolutionGuid = {361B5468-6C29-417E-9657-196E9F1E5AB0}
	EndGlobalSection
EndGlobal
